PODS:
  - PKHUD (5.1.0)
  - ROGoogleTranslate (0.0.5)

DEPENDENCIES:
  - PKHUD (~> 5.0)
  - ROGoogleTranslate

SPEC REPOS:
  https://github.com/cocoapods/specs.git:
    - PKHUD
    - ROGoogleTranslate

SPEC CHECKSUMS:
  PKHUD: 62ea46a1e88c4def1da784878d199bb54c841e3c
  ROGoogleTranslate: 344d579487c21af1ae54138baa68605b861ba84e

PODFILE CHECKSUM: 9611ac7a5d4326f273421cefa8bf1e7f06989360

COCOAPODS: 1.5.3
